// !$*UTF8*$!
{
	archiveVersion = 1;
	classes = {
	};
	objectVersion = 50;
	objects = {

/* Begin PBXBuildFile section */
		3C00BFA121ED9613008BC18E /* child_proc.c in Sources */ = {isa = PBXBuildFile; fileRef = 3C00BFA021ED9613008BC18E /* child_proc.c */; };
		3C189CD721985F9700EA8F88 /* maildir.c in Sources */ = {isa = PBXBuildFile; fileRef = 3C189CD621985F9700EA8F88 /* maildir.c */; };
		3C189CDD219864C000EA8F88 /* smtp.c in Sources */ = {isa = PBXBuildFile; fileRef = 3C189CDC219864C000EA8F88 /* smtp.c */; };
		3C308883219F0A6500A849C7 /* CoreServices.framework in Frameworks */ = {isa = PBXBuildFile; fileRef = 3C308882219F0A6500A849C7 /* CoreServices.framework */; };
		3C78F0FD21C1517B00D6ACDC /* smtp_fsm.c in Sources */ = {isa = PBXBuildFile; fileRef = 3C78F0FC21C1517B00D6ACDC /* smtp_fsm.c */; };
		3C99B18C21EB3880000ECCE5 /* logging.c in Sources */ = {isa = PBXBuildFile; fileRef = 3C99B18B21EB3880000ECCE5 /* logging.c */; };
		3C99B18F21EB3C9E000ECCE5 /* Makefile in Sources */ = {isa = PBXBuildFile; fileRef = 3C99B18E21EB3C9E000ECCE5 /* Makefile */; };
		3CA4AB5821EBD1B0007D902B /* confl.cfg in Sources */ = {isa = PBXBuildFile; fileRef = 3CA4AB5721EBD1B0007D902B /* confl.cfg */; };
		3CA4AB5C21ECC412007D902B /* fsm.c in Sources */ = {isa = PBXBuildFile; fileRef = 3CA4AB5B21ECC412007D902B /* fsm.c */; };
		3CA4AB6021ECEBF3007D902B /* run.c in Sources */ = {isa = PBXBuildFile; fileRef = 3CA4AB5F21ECEBF3007D902B /* run.c */; };
		3CA4AB6321ED4922007D902B /* main_proc.c in Sources */ = {isa = PBXBuildFile; fileRef = 3CA4AB6221ED4922007D902B /* main_proc.c */; };
		3CA70AF221BFC54200CB5A18 /* programm_manager.c in Sources */ = {isa = PBXBuildFile; fileRef = 3CA70AF121BFC54200CB5A18 /* programm_manager.c */; };
		3CB938F4216A07B400AA7A65 /* main.c in Sources */ = {isa = PBXBuildFile; fileRef = 3CB938F3216A07B400AA7A65 /* main.c */; };
		3CB938FC216A0DE000AA7A65 /* message.c in Sources */ = {isa = PBXBuildFile; fileRef = 3CB938FB216A0DE000AA7A65 /* message.c */; };
		3CB938FF216A0E1700AA7A65 /* envelope.c in Sources */ = {isa = PBXBuildFile; fileRef = 3CB938FE216A0E1700AA7A65 /* envelope.c */; };
		3CB93902216A0E3A00AA7A65 /* message_list.c in Sources */ = {isa = PBXBuildFile; fileRef = 3CB93901216A0E3A00AA7A65 /* message_list.c */; };
		3CB93906216ABD1F00AA7A65 /* read_message.c in Sources */ = {isa = PBXBuildFile; fileRef = 3CB93905216ABD1F00AA7A65 /* read_message.c */; };
		3CBFB4E221F252FC005906A9 /* main.c in Sources */ = {isa = PBXBuildFile; fileRef = 3CBFB4E121F252FC005906A9 /* main.c */; };
		3CBFB4E521F25337005906A9 /* test_smtp.c in Sources */ = {isa = PBXBuildFile; fileRef = 3CBFB4E421F25337005906A9 /* test_smtp.c */; };
		3CBFB4E821F2538E005906A9 /* test_utils.c in Sources */ = {isa = PBXBuildFile; fileRef = 3CBFB4E721F2538E005906A9 /* test_utils.c */; };
/* End PBXBuildFile section */

/* Begin PBXCopyFilesBuildPhase section */
		3CB938EE216A07B400AA7A65 /* CopyFiles */ = {
			isa = PBXCopyFilesBuildPhase;
			buildActionMask = 2147483647;
			dstPath = /usr/share/man/man1/;
			dstSubfolderSpec = 0;
			files = (
			);
			runOnlyForDeploymentPostprocessing = 1;
		};
/* End PBXCopyFilesBuildPhase section */

/* Begin PBXFileReference section */
		3C00BF9F21ED9612008BC18E /* child_proc.h */ = {isa = PBXFileReference; lastKnownFileType = sourcecode.c.h; path = child_proc.h; sourceTree = "<group>"; };
		3C00BFA021ED9613008BC18E /* child_proc.c */ = {isa = PBXFileReference; lastKnownFileType = sourcecode.c.c; path = child_proc.c; sourceTree = "<group>"; };
		3C189CD521985F9700EA8F88 /* maildir.h */ = {isa = PBXFileReference; lastKnownFileType = sourcecode.c.h; path = maildir.h; sourceTree = "<group>"; };
		3C189CD621985F9700EA8F88 /* maildir.c */ = {isa = PBXFileReference; lastKnownFileType = sourcecode.c.c; path = maildir.c; sourceTree = "<group>"; };
		3C189CDB219864C000EA8F88 /* smtp.h */ = {isa = PBXFileReference; lastKnownFileType = sourcecode.c.h; path = smtp.h; sourceTree = "<group>"; };
		3C189CDC219864C000EA8F88 /* smtp.c */ = {isa = PBXFileReference; lastKnownFileType = sourcecode.c.c; path = smtp.c; sourceTree = "<group>"; };
		3C308882219F0A6500A849C7 /* CoreServices.framework */ = {isa = PBXFileReference; lastKnownFileType = wrapper.framework; name = CoreServices.framework; path = System/Library/Frameworks/CoreServices.framework; sourceTree = SDKROOT; };
		3C78F0FB21C1517B00D6ACDC /* smtp_fsm.h */ = {isa = PBXFileReference; lastKnownFileType = sourcecode.c.h; path = smtp_fsm.h; sourceTree = "<group>"; };
		3C78F0FC21C1517B00D6ACDC /* smtp_fsm.c */ = {isa = PBXFileReference; lastKnownFileType = sourcecode.c.c; path = smtp_fsm.c; sourceTree = "<group>"; };
		3C99B18321E9FCD1000ECCE5 /* input_struct.h */ = {isa = PBXFileReference; lastKnownFileType = sourcecode.c.h; path = input_struct.h; sourceTree = "<group>"; };
		3C99B18A21EB3880000ECCE5 /* logging.h */ = {isa = PBXFileReference; lastKnownFileType = sourcecode.c.h; path = logging.h; sourceTree = "<group>"; };
		3C99B18B21EB3880000ECCE5 /* logging.c */ = {isa = PBXFileReference; lastKnownFileType = sourcecode.c.c; path = logging.c; sourceTree = "<group>"; };
		3C99B18E21EB3C9E000ECCE5 /* Makefile */ = {isa = PBXFileReference; lastKnownFileType = sourcecode.make; path = Makefile; sourceTree = "<group>"; };
		3CA4AB5721EBD1B0007D902B /* confl.cfg */ = {isa = PBXFileReference; lastKnownFileType = text; path = confl.cfg; sourceTree = "<group>"; };
		3CA4AB5A21ECBE9F007D902B /* fsm.fsm */ = {isa = PBXFileReference; lastKnownFileType = text; path = fsm.fsm; sourceTree = "<group>"; };
		3CA4AB5B21ECC412007D902B /* fsm.c */ = {isa = PBXFileReference; fileEncoding = 4; lastKnownFileType = sourcecode.c.c; path = fsm.c; sourceTree = "<group>"; };
		3CA4AB5D21ECC419007D902B /* fsm.h */ = {isa = PBXFileReference; lastKnownFileType = sourcecode.c.h; path = fsm.h; sourceTree = "<group>"; };
		3CA4AB5E21ECEBF3007D902B /* run.h */ = {isa = PBXFileReference; lastKnownFileType = sourcecode.c.h; path = run.h; sourceTree = "<group>"; };
		3CA4AB5F21ECEBF3007D902B /* run.c */ = {isa = PBXFileReference; lastKnownFileType = sourcecode.c.c; path = run.c; sourceTree = "<group>"; };
		3CA4AB6121ED4922007D902B /* main_proc.h */ = {isa = PBXFileReference; lastKnownFileType = sourcecode.c.h; path = main_proc.h; sourceTree = "<group>"; };
		3CA4AB6221ED4922007D902B /* main_proc.c */ = {isa = PBXFileReference; lastKnownFileType = sourcecode.c.c; path = main_proc.c; sourceTree = "<group>"; };
		3CA70AF021BFC54200CB5A18 /* programm_manager.h */ = {isa = PBXFileReference; lastKnownFileType = sourcecode.c.h; path = programm_manager.h; sourceTree = "<group>"; };
		3CA70AF121BFC54200CB5A18 /* programm_manager.c */ = {isa = PBXFileReference; lastKnownFileType = sourcecode.c.c; path = programm_manager.c; sourceTree = "<group>"; };
		3CB938F0216A07B400AA7A65 /* smtp_client */ = {isa = PBXFileReference; explicitFileType = "compiled.mach-o.executable"; includeInIndex = 0; path = smtp_client; sourceTree = BUILT_PRODUCTS_DIR; };
		3CB938F3216A07B400AA7A65 /* main.c */ = {isa = PBXFileReference; lastKnownFileType = sourcecode.c.c; path = main.c; sourceTree = "<group>"; };
		3CB938FA216A0DE000AA7A65 /* message.h */ = {isa = PBXFileReference; lastKnownFileType = sourcecode.c.h; path = message.h; sourceTree = "<group>"; };
		3CB938FB216A0DE000AA7A65 /* message.c */ = {isa = PBXFileReference; lastKnownFileType = sourcecode.c.c; path = message.c; sourceTree = "<group>"; };
		3CB938FD216A0E1700AA7A65 /* envelope.h */ = {isa = PBXFileReference; lastKnownFileType = sourcecode.c.h; path = envelope.h; sourceTree = "<group>"; };
		3CB938FE216A0E1700AA7A65 /* envelope.c */ = {isa = PBXFileReference; lastKnownFileType = sourcecode.c.c; path = envelope.c; sourceTree = "<group>"; };
		3CB93900216A0E3A00AA7A65 /* message_list.h */ = {isa = PBXFileReference; lastKnownFileType = sourcecode.c.h; path = message_list.h; sourceTree = "<group>"; };
		3CB93901216A0E3A00AA7A65 /* message_list.c */ = {isa = PBXFileReference; lastKnownFileType = sourcecode.c.c; path = message_list.c; sourceTree = "<group>"; };
		3CB93904216ABD1F00AA7A65 /* read_message.h */ = {isa = PBXFileReference; lastKnownFileType = sourcecode.c.h; path = read_message.h; sourceTree = "<group>"; };
		3CB93905216ABD1F00AA7A65 /* read_message.c */ = {isa = PBXFileReference; lastKnownFileType = sourcecode.c.c; path = read_message.c; sourceTree = "<group>"; };
		3CBFB4DF21ED9C21005906A9 /* child_struct.h */ = {isa = PBXFileReference; lastKnownFileType = sourcecode.c.h; path = child_struct.h; sourceTree = "<group>"; };
		3CBFB4E121F252FC005906A9 /* main.c */ = {isa = PBXFileReference; lastKnownFileType = sourcecode.c.c; path = main.c; sourceTree = "<group>"; };
		3CBFB4E321F25337005906A9 /* test_smtp.h */ = {isa = PBXFileReference; lastKnownFileType = sourcecode.c.h; path = test_smtp.h; sourceTree = "<group>"; };
		3CBFB4E421F25337005906A9 /* test_smtp.c */ = {isa = PBXFileReference; lastKnownFileType = sourcecode.c.c; path = test_smtp.c; sourceTree = "<group>"; };
		3CBFB4E621F2538E005906A9 /* test_utils.h */ = {isa = PBXFileReference; lastKnownFileType = sourcecode.c.h; path = test_utils.h; sourceTree = "<group>"; };
		3CBFB4E721F2538E005906A9 /* test_utils.c */ = {isa = PBXFileReference; lastKnownFileType = sourcecode.c.c; path = test_utils.c; sourceTree = "<group>"; };
/* End PBXFileReference section */

/* Begin PBXFrameworksBuildPhase section */
		3CB938ED216A07B400AA7A65 /* Frameworks */ = {
			isa = PBXFrameworksBuildPhase;
			buildActionMask = 2147483647;
			files = (
				3C308883219F0A6500A849C7 /* CoreServices.framework in Frameworks */,
			);
			runOnlyForDeploymentPostprocessing = 0;
		};
/* End PBXFrameworksBuildPhase section */

/* Begin PBXGroup section */
		3C308881219F0A6400A849C7 /* Frameworks */ = {
			isa = PBXGroup;
			children = (
				3C308882219F0A6500A849C7 /* CoreServices.framework */,
			);
			name = Frameworks;
			sourceTree = "<group>";
		};
		3CB938E7216A07B400AA7A65 = {
			isa = PBXGroup;
			children = (
				3CB938F2216A07B400AA7A65 /* smtp_client */,
				3CB938F1216A07B400AA7A65 /* Products */,
				3C308881219F0A6400A849C7 /* Frameworks */,
			);
			sourceTree = "<group>";
		};
		3CB938F1216A07B400AA7A65 /* Products */ = {
			isa = PBXGroup;
			children = (
				3CB938F0216A07B400AA7A65 /* smtp_client */,
			);
			name = Products;
			sourceTree = "<group>";
		};
		3CB938F2216A07B400AA7A65 /* smtp_client */ = {
			isa = PBXGroup;
			children = (
				3CBFB4E021F252A3005906A9 /* test */,
				3C99B18E21EB3C9E000ECCE5 /* Makefile */,
				3CB938F3216A07B400AA7A65 /* main.c */,
				3CA4AB5F21ECEBF3007D902B /* run.c */,
				3CA4AB5E21ECEBF3007D902B /* run.h */,
				3C78F0FC21C1517B00D6ACDC /* smtp_fsm.c */,
				3C78F0FB21C1517B00D6ACDC /* smtp_fsm.h */,
				3CA4AB5B21ECC412007D902B /* fsm.c */,
				3CA4AB5D21ECC419007D902B /* fsm.h */,
				3CA4AB5A21ECBE9F007D902B /* fsm.fsm */,
				3CA4AB5721EBD1B0007D902B /* confl.cfg */,
				3C99B18321E9FCD1000ECCE5 /* input_struct.h */,
				3CA70AF121BFC54200CB5A18 /* programm_manager.c */,
				3CA70AF021BFC54200CB5A18 /* programm_manager.h */,
				3CBFB4DF21ED9C21005906A9 /* child_struct.h */,
				3CA4AB6221ED4922007D902B /* main_proc.c */,
				3CA4AB6121ED4922007D902B /* main_proc.h */,
				3C00BFA021ED9613008BC18E /* child_proc.c */,
				3C00BF9F21ED9612008BC18E /* child_proc.h */,
				3C99B18B21EB3880000ECCE5 /* logging.c */,
				3C99B18A21EB3880000ECCE5 /* logging.h */,
				3CB93900216A0E3A00AA7A65 /* message_list.h */,
				3CB93901216A0E3A00AA7A65 /* message_list.c */,
				3CB93904216ABD1F00AA7A65 /* read_message.h */,
				3CB93905216ABD1F00AA7A65 /* read_message.c */,
				3CB938FA216A0DE000AA7A65 /* message.h */,
				3CB938FB216A0DE000AA7A65 /* message.c */,
				3CB938FD216A0E1700AA7A65 /* envelope.h */,
				3CB938FE216A0E1700AA7A65 /* envelope.c */,
				3C189CD621985F9700EA8F88 /* maildir.c */,
				3C189CD521985F9700EA8F88 /* maildir.h */,
				3C189CDC219864C000EA8F88 /* smtp.c */,
				3C189CDB219864C000EA8F88 /* smtp.h */,
			);
			path = smtp_client;
			sourceTree = "<group>";
		};
		3CBFB4E021F252A3005906A9 /* test */ = {
			isa = PBXGroup;
			children = (
				3CBFB4E121F252FC005906A9 /* main.c */,
				3CBFB4E621F2538E005906A9 /* test_utils.h */,
				3CBFB4E721F2538E005906A9 /* test_utils.c */,
				3CBFB4E321F25337005906A9 /* test_smtp.h */,
				3CBFB4E421F25337005906A9 /* test_smtp.c */,
			);
			path = test;
			sourceTree = "<group>";
		};
/* End PBXGroup section */

/* Begin PBXNativeTarget section */
		3CB938EF216A07B400AA7A65 /* smtp_client */ = {
			isa = PBXNativeTarget;
			buildConfigurationList = 3CB938F7216A07B400AA7A65 /* Build configuration list for PBXNativeTarget "smtp_client" */;
			buildPhases = (
				3CB938EC216A07B400AA7A65 /* Sources */,
				3CB938ED216A07B400AA7A65 /* Frameworks */,
				3CB938EE216A07B400AA7A65 /* CopyFiles */,
			);
			buildRules = (
			);
			dependencies = (
			);
			name = smtp_client;
			productName = smtp_client;
			productReference = 3CB938F0216A07B400AA7A65 /* smtp_client */;
			productType = "com.apple.product-type.tool";
		};
/* End PBXNativeTarget section */

/* Begin PBXProject section */
		3CB938E8216A07B400AA7A65 /* Project object */ = {
			isa = PBXProject;
			attributes = {
				LastUpgradeCheck = 1000;
				ORGANIZATIONNAME = mam;
				TargetAttributes = {
					3CB938EF216A07B400AA7A65 = {
						CreatedOnToolsVersion = 10.0;
					};
				};
			};
			buildConfigurationList = 3CB938EB216A07B400AA7A65 /* Build configuration list for PBXProject "smtp_client" */;
			compatibilityVersion = "Xcode 9.3";
			developmentRegion = en;
			hasScannedForEncodings = 0;
			knownRegions = (
				en,
			);
			mainGroup = 3CB938E7216A07B400AA7A65;
			productRefGroup = 3CB938F1216A07B400AA7A65 /* Products */;
			projectDirPath = "";
			projectRoot = "";
			targets = (
				3CB938EF216A07B400AA7A65 /* smtp_client */,
			);
		};
/* End PBXProject section */

/* Begin PBXSourcesBuildPhase section */
		3CB938EC216A07B400AA7A65 /* Sources */ = {
			isa = PBXSourcesBuildPhase;
			buildActionMask = 2147483647;
			files = (
				3CA4AB5821EBD1B0007D902B /* confl.cfg in Sources */,
				3C189CDD219864C000EA8F88 /* smtp.c in Sources */,
				3CA4AB5C21ECC412007D902B /* fsm.c in Sources */,
				3C00BFA121ED9613008BC18E /* child_proc.c in Sources */,
				3CA4AB6021ECEBF3007D902B /* run.c in Sources */,
				3CBFB4E821F2538E005906A9 /* test_utils.c in Sources */,
				3CA4AB6321ED4922007D902B /* main_proc.c in Sources */,
				3C189CD721985F9700EA8F88 /* maildir.c in Sources */,
				3CA70AF221BFC54200CB5A18 /* programm_manager.c in Sources */,
				3CBFB4E221F252FC005906A9 /* main.c in Sources */,
				3CB938F4216A07B400AA7A65 /* main.c in Sources */,
				3C78F0FD21C1517B00D6ACDC /* smtp_fsm.c in Sources */,
				3CBFB4E521F25337005906A9 /* test_smtp.c in Sources */,
				3C99B18F21EB3C9E000ECCE5 /* Makefile in Sources */,
				3C99B18C21EB3880000ECCE5 /* logging.c in Sources */,
				3CB93906216ABD1F00AA7A65 /* read_message.c in Sources */,
				3CB938FC216A0DE000AA7A65 /* message.c in Sources */,
				3CB938FF216A0E1700AA7A65 /* envelope.c in Sources */,
				3CB93902216A0E3A00AA7A65 /* message_list.c in Sources */,
			);
			runOnlyForDeploymentPostprocessing = 0;
		};
/* End PBXSourcesBuildPhase section */

/* Begin XCBuildConfiguration section */
		3CB938F5216A07B400AA7A65 /* Debug */ = {
			isa = XCBuildConfiguration;
			buildSettings = {
				ALWAYS_SEARCH_USER_PATHS = NO;
				CLANG_ANALYZER_NONNULL = YES;
				CLANG_ANALYZER_NUMBER_OBJECT_CONVERSION = YES_AGGRESSIVE;
				CLANG_CXX_LANGUAGE_STANDARD = "gnu++14";
				CLANG_CXX_LIBRARY = "libc++";
				CLANG_ENABLE_MODULES = YES;
				CLANG_ENABLE_OBJC_ARC = YES;
				CLANG_ENABLE_OBJC_WEAK = YES;
				CLANG_WARN_BLOCK_CAPTURE_AUTORELEASING = YES;
				CLANG_WARN_BOOL_CONVERSION = YES;
				CLANG_WARN_COMMA = YES;
				CLANG_WARN_CONSTANT_CONVERSION = YES;
				CLANG_WARN_DEPRECATED_OBJC_IMPLEMENTATIONS = YES;
				CLANG_WARN_DIRECT_OBJC_ISA_USAGE = YES_ERROR;
				CLANG_WARN_DOCUMENTATION_COMMENTS = YES;
				CLANG_WARN_EMPTY_BODY = YES;
				CLANG_WARN_ENUM_CONVERSION = YES;
				CLANG_WARN_INFINITE_RECURSION = YES;
				CLANG_WARN_INT_CONVERSION = YES;
				CLANG_WARN_NON_LITERAL_NULL_CONVERSION = YES;
				CLANG_WARN_OBJC_IMPLICIT_RETAIN_SELF = YES;
				CLANG_WARN_OBJC_LITERAL_CONVERSION = YES;
				CLANG_WARN_OBJC_ROOT_CLASS = YES_ERROR;
				CLANG_WARN_RANGE_LOOP_ANALYSIS = YES;
				CLANG_WARN_STRICT_PROTOTYPES = YES;
				CLANG_WARN_SUSPICIOUS_MOVE = YES;
				CLANG_WARN_UNGUARDED_AVAILABILITY = YES_AGGRESSIVE;
				CLANG_WARN_UNREACHABLE_CODE = YES;
				CLANG_WARN__DUPLICATE_METHOD_MATCH = YES;
				CODE_SIGN_IDENTITY = "Mac Developer";
				COPY_PHASE_STRIP = NO;
				DEBUG_INFORMATION_FORMAT = dwarf;
				ENABLE_STRICT_OBJC_MSGSEND = YES;
				ENABLE_TESTABILITY = YES;
				GCC_C_LANGUAGE_STANDARD = gnu11;
				GCC_DYNAMIC_NO_PIC = NO;
				GCC_NO_COMMON_BLOCKS = YES;
				GCC_OPTIMIZATION_LEVEL = 0;
				GCC_PREPROCESSOR_DEFINITIONS = (
					"DEBUG=1",
					"$(inherited)",
				);
				GCC_WARN_64_TO_32_BIT_CONVERSION = YES;
				GCC_WARN_ABOUT_RETURN_TYPE = YES_ERROR;
				GCC_WARN_UNDECLARED_SELECTOR = YES;
				GCC_WARN_UNINITIALIZED_AUTOS = YES_AGGRESSIVE;
				GCC_WARN_UNUSED_FUNCTION = YES;
				GCC_WARN_UNUSED_VARIABLE = YES;
				MACOSX_DEPLOYMENT_TARGET = 10.13;
				MTL_ENABLE_DEBUG_INFO = INCLUDE_SOURCE;
				MTL_FAST_MATH = YES;
				ONLY_ACTIVE_ARCH = YES;
				SDKROOT = macosx;
			};
			name = Debug;
		};
		3CB938F6216A07B400AA7A65 /* Release */ = {
			isa = XCBuildConfiguration;
			buildSettings = {
				ALWAYS_SEARCH_USER_PATHS = NO;
				CLANG_ANALYZER_NONNULL = YES;
				CLANG_ANALYZER_NUMBER_OBJECT_CONVERSION = YES_AGGRESSIVE;
				CLANG_CXX_LANGUAGE_STANDARD = "gnu++14";
				CLANG_CXX_LIBRARY = "libc++";
				CLANG_ENABLE_MODULES = YES;
				CLANG_ENABLE_OBJC_ARC = YES;
				CLANG_ENABLE_OBJC_WEAK = YES;
				CLANG_WARN_BLOCK_CAPTURE_AUTORELEASING = YES;
				CLANG_WARN_BOOL_CONVERSION = YES;
				CLANG_WARN_COMMA = YES;
				CLANG_WARN_CONSTANT_CONVERSION = YES;
				CLANG_WARN_DEPRECATED_OBJC_IMPLEMENTATIONS = YES;
				CLANG_WARN_DIRECT_OBJC_ISA_USAGE = YES_ERROR;
				CLANG_WARN_DOCUMENTATION_COMMENTS = YES;
				CLANG_WARN_EMPTY_BODY = YES;
				CLANG_WARN_ENUM_CONVERSION = YES;
				CLANG_WARN_INFINITE_RECURSION = YES;
				CLANG_WARN_INT_CONVERSION = YES;
				CLANG_WARN_NON_LITERAL_NULL_CONVERSION = YES;
				CLANG_WARN_OBJC_IMPLICIT_RETAIN_SELF = YES;
				CLANG_WARN_OBJC_LITERAL_CONVERSION = YES;
				CLANG_WARN_OBJC_ROOT_CLASS = YES_ERROR;
				CLANG_WARN_RANGE_LOOP_ANALYSIS = YES;
				CLANG_WARN_STRICT_PROTOTYPES = YES;
				CLANG_WARN_SUSPICIOUS_MOVE = YES;
				CLANG_WARN_UNGUARDED_AVAILABILITY = YES_AGGRESSIVE;
				CLANG_WARN_UNREACHABLE_CODE = YES;
				CLANG_WARN__DUPLICATE_METHOD_MATCH = YES;
				CODE_SIGN_IDENTITY = "Mac Developer";
				COPY_PHASE_STRIP = NO;
				DEBUG_INFORMATION_FORMAT = "dwarf-with-dsym";
				ENABLE_NS_ASSERTIONS = NO;
				ENABLE_STRICT_OBJC_MSGSEND = YES;
				GCC_C_LANGUAGE_STANDARD = gnu11;
				GCC_NO_COMMON_BLOCKS = YES;
				GCC_WARN_64_TO_32_BIT_CONVERSION = YES;
				GCC_WARN_ABOUT_RETURN_TYPE = YES_ERROR;
				GCC_WARN_UNDECLARED_SELECTOR = YES;
				GCC_WARN_UNINITIALIZED_AUTOS = YES_AGGRESSIVE;
				GCC_WARN_UNUSED_FUNCTION = YES;
				GCC_WARN_UNUSED_VARIABLE = YES;
				MACOSX_DEPLOYMENT_TARGET = 10.13;
				MTL_ENABLE_DEBUG_INFO = NO;
				MTL_FAST_MATH = YES;
				SDKROOT = macosx;
			};
			name = Release;
		};
		3CB938F8216A07B400AA7A65 /* Debug */ = {
			isa = XCBuildConfiguration;
			buildSettings = {
				ARCHS = "$(ARCHS_STANDARD)";
				CODE_SIGN_STYLE = Automatic;
				DEVELOPMENT_TEAM = Y4M9WKM557;
				PRODUCT_NAME = "$(TARGET_NAME)";
			};
			name = Debug;
		};
		3CB938F9216A07B400AA7A65 /* Release */ = {
			isa = XCBuildConfiguration;
			buildSettings = {
				ARCHS = "$(ARCHS_STANDARD)";
				CODE_SIGN_STYLE = Automatic;
				DEVELOPMENT_TEAM = Y4M9WKM557;
				PRODUCT_NAME = "$(TARGET_NAME)";
			};
			name = Release;
		};
/* End XCBuildConfiguration section */

/* Begin XCConfigurationList section */
		3CB938EB216A07B400AA7A65 /* Build configuration list for PBXProject "smtp_client" */ = {
			isa = XCConfigurationList;
			buildConfigurations = (
				3CB938F5216A07B400AA7A65 /* Debug */,
				3CB938F6216A07B400AA7A65 /* Release */,
			);
			defaultConfigurationIsVisible = 0;
			defaultConfigurationName = Release;
		};
		3CB938F7216A07B400AA7A65 /* Build configuration list for PBXNativeTarget "smtp_client" */ = {
			isa = XCConfigurationList;
			buildConfigurations = (
				3CB938F8216A07B400AA7A65 /* Debug */,
				3CB938F9216A07B400AA7A65 /* Release */,
			);
			defaultConfigurationIsVisible = 0;
			defaultConfigurationName = Release;
		};
/* End XCConfigurationList section */
	};
	rootObject = 3CB938E8216A07B400AA7A65 /* Project object */;
}
